
Microsoft Visual Studio Solution File, Format Version 12.00
# Visual Studio Version 16
VisualStudioVersion = 16.0.30002.166
MinimumVisualStudioVersion = 10.0.40219.1
Project("{FAE04EC0-301F-11D3-BF4B-00C04F79EFBC}") = "MyJCHAzureWebApp", "MyJCHAzureWebApp\MyJCHAzureWebApp.csproj", "{457A6795-3A9E-4083-8654-DF6F15693C0F}"
EndProject
Global
	GlobalSection(SolutionConfigurationPlatforms) = preSolution
		Debug|Any CPU = Debug|Any CPU
		Release|Any CPU = Release|Any CPU
	EndGlobalSection
	GlobalSection(ProjectConfigurationPlatforms) = postSolution
		{457A6795-3A9E-4083-8654-DF6F15693C0F}.Debug|Any CPU.ActiveCfg = Debug|Any CPU
		{457A6795-3A9E-4083-8654-DF6F15693C0F}.Debug|Any CPU.Build.0 = Debug|Any CPU
		{457A6795-3A9E-4083-8654-DF6F15693C0F}.Release|Any CPU.ActiveCfg = Release|Any CPU
		{457A6795-3A9E-4083-8654-DF6F15693C0F}.Release|Any CPU.Build.0 = Release|Any CPU
	EndGlobalSection
	GlobalSection(SolutionProperties) = preSolution
		HideSolutionNode = FALSE
	EndGlobalSection
	GlobalSection(ExtensibilityGlobals) = postSolution
		SolutionGuid = {C2E0CCC6-4119-4077-A8CE-28056D42AC93}
	EndGlobalSection
EndGlobal
